
Microsoft Visual Studio Solution File, Format Version 12.00
# Visual Studio 15
VisualStudioVersion = 15.0.28010.2041
MinimumVisualStudioVersion = 10.0.40219.1
Project("{6989167D-11E4-40FE-8C1A-2192A86A7E90}") = "dtu_we_controller", "dtu_we_controller\dtu_we_controller.vfproj", "{8DC2311E-C2DB-46DC-82FC-3671E2174EFE}"
EndProject
Project("{6989167D-11E4-40FE-8C1A-2192A86A7E90}") = "dtu_we_controller_bladed", "dtu_we_controller_bladed\dtu_we_controller_bladed.vfproj", "{1C41A2C0-84C9-4DA1-A681-12B475CB23C9}"
	ProjectSection(ProjectDependencies) = postProject
		{8DC2311E-C2DB-46DC-82FC-3671E2174EFE} = {8DC2311E-C2DB-46DC-82FC-3671E2174EFE}
	EndProjectSection
EndProject
Project("{6989167D-11E4-40FE-8C1A-2192A86A7E90}") = "individual_pitch_controller", "individual_pitch_controller\individual_pitch_controller.vfproj", "{FC573039-61CB-45E3-B649-FC11C7AF5C2E}"
	ProjectSection(ProjectDependencies) = postProject
		{8DC2311E-C2DB-46DC-82FC-3671E2174EFE} = {8DC2311E-C2DB-46DC-82FC-3671E2174EFE}
	EndProjectSection
EndProject
Global
	GlobalSection(SolutionConfigurationPlatforms) = preSolution
		Debug|Win32 = Debug|Win32
		Debug|x64 = Debug|x64
		Release|Win32 = Release|Win32
		Release|x64 = Release|x64
	EndGlobalSection
	GlobalSection(ProjectConfigurationPlatforms) = postSolution
		{8DC2311E-C2DB-46DC-82FC-3671E2174EFE}.Debug|Win32.ActiveCfg = Debug|Win32
		{8DC2311E-C2DB-46DC-82FC-3671E2174EFE}.Debug|Win32.Build.0 = Debug|Win32
		{8DC2311E-C2DB-46DC-82FC-3671E2174EFE}.Debug|x64.ActiveCfg = Debug|x64
		{8DC2311E-C2DB-46DC-82FC-3671E2174EFE}.Debug|x64.Build.0 = Debug|x64
		{8DC2311E-C2DB-46DC-82FC-3671E2174EFE}.Release|Win32.ActiveCfg = Release|Win32
		{8DC2311E-C2DB-46DC-82FC-3671E2174EFE}.Release|Win32.Build.0 = Release|Win32
		{8DC2311E-C2DB-46DC-82FC-3671E2174EFE}.Release|x64.ActiveCfg = Release|x64
		{8DC2311E-C2DB-46DC-82FC-3671E2174EFE}.Release|x64.Build.0 = Release|x64
		{1C41A2C0-84C9-4DA1-A681-12B475CB23C9}.Debug|Win32.ActiveCfg = Debug|Win32
		{1C41A2C0-84C9-4DA1-A681-12B475CB23C9}.Debug|Win32.Build.0 = Debug|Win32
		{1C41A2C0-84C9-4DA1-A681-12B475CB23C9}.Debug|x64.ActiveCfg = Debug|x64
		{1C41A2C0-84C9-4DA1-A681-12B475CB23C9}.Debug|x64.Build.0 = Debug|x64
		{1C41A2C0-84C9-4DA1-A681-12B475CB23C9}.Release|Win32.ActiveCfg = Release|Win32
		{1C41A2C0-84C9-4DA1-A681-12B475CB23C9}.Release|Win32.Build.0 = Release|Win32
		{1C41A2C0-84C9-4DA1-A681-12B475CB23C9}.Release|x64.ActiveCfg = Release|x64
		{1C41A2C0-84C9-4DA1-A681-12B475CB23C9}.Release|x64.Build.0 = Release|x64
		{FC573039-61CB-45E3-B649-FC11C7AF5C2E}.Debug|Win32.ActiveCfg = Debug|Win32
		{FC573039-61CB-45E3-B649-FC11C7AF5C2E}.Debug|Win32.Build.0 = Debug|Win32
		{FC573039-61CB-45E3-B649-FC11C7AF5C2E}.Debug|x64.ActiveCfg = Debug|Win32
		{FC573039-61CB-45E3-B649-FC11C7AF5C2E}.Release|Win32.ActiveCfg = Release|Win32
		{FC573039-61CB-45E3-B649-FC11C7AF5C2E}.Release|Win32.Build.0 = Release|Win32
		{FC573039-61CB-45E3-B649-FC11C7AF5C2E}.Release|x64.ActiveCfg = Release|Win32
	EndGlobalSection
	GlobalSection(SolutionProperties) = preSolution
		HideSolutionNode = FALSE
	EndGlobalSection
	GlobalSection(ExtensibilityGlobals) = postSolution
		SolutionGuid = {5B7D83A7-40F0-46E7-B59C-7C541BE6AD61}
	EndGlobalSection
EndGlobal
